Microsoft Visual Studio Solution File, Format Version 12.00
# Visual Studio Version 17
VisualStudioVersion = 17.5.2.0
MinimumVisualStudioVersion = 10.0.40219.1
Project("{FAE04EC0-301F-11D3-BF4B-00C04F79EFBC}") = "Gdrun", "Gdrun.csproj", "{2B4DF5C6-81E6-EC78-A078-D19E11BBD265}"
EndProject
Global
	GlobalSection(SolutionConfigurationPlatforms) = preSolution
		Debug|Any CPU = Debug|Any CPU
		Release|Any CPU = Release|Any CPU
	EndGlobalSection
	GlobalSection(ProjectConfigurationPlatforms) = postSolution
		{2B4DF5C6-81E6-EC78-A078-D19E11BBD265}.Debug|Any CPU.ActiveCfg = Debug|Any CPU
		{2B4DF5C6-81E6-EC78-A078-D19E11BBD265}.Debug|Any CPU.Build.0 = Debug|Any CPU
		{2B4DF5C6-81E6-EC78-A078-D19E11BBD265}.Release|Any CPU.ActiveCfg = Release|Any CPU
		{2B4DF5C6-81E6-EC78-A078-D19E11BBD265}.Release|Any CPU.Build.0 = Release|Any CPU
	EndGlobalSection
	GlobalSection(SolutionProperties) = preSolution
		HideSolutionNode = FALSE
	EndGlobalSection
	GlobalSection(ExtensibilityGlobals) = postSolution
		SolutionGuid = {626199EA-1883-4549-901C-DAFDE6E586AC}
	EndGlobalSection
EndGlobal
